
Microsoft Visual Studio Solution File, Format Version 12.00
# Visual Studio 15
Project("{FAE04EC0-301F-11D3-BF4B-00C04F79EFBC}") = "Unity.Timeline", "Unity.Timeline.csproj", "{26650807-0793-C346-FA67-5BBF5284E51F}"
EndProject
Project("{FAE04EC0-301F-11D3-BF4B-00C04F79EFBC}") = "Unity.Timeline.Editor", "Unity.Timeline.Editor.csproj", "{E425EE7C-990A-1E90-0C9D-E45CD602FDED}"
EndProject
Project("{FAE04EC0-301F-11D3-BF4B-00C04F79EFBC}") = "Unity.TextMeshPro.Editor", "Unity.TextMeshPro.Editor.csproj", "{D383EE8B-84DB-C442-BCD1-CDB1D3B2182C}"
EndProject
Project("{FAE04EC0-301F-11D3-BF4B-00C04F79EFBC}") = "Unity.PlasticSCM.Editor", "Unity.PlasticSCM.Editor.csproj", "{1E5A3AC5-9BF1-B069-C1CA-377D6E8530EC}"
EndProject
Project("{FAE04EC0-301F-11D3-BF4B-00C04F79EFBC}") = "Unity.2D.Psdimporter.Editor", "Unity.2D.Psdimporter.Editor.csproj", "{6F08EB43-BCCD-3B96-BC7B-4A2851CB8F4E}"
EndProject
Project("{FAE04EC0-301F-11D3-BF4B-00C04F79EFBC}") = "Unity.Splines.Editor", "Unity.Splines.Editor.csproj", "{C892C94B-EC3F-2572-8639-3CA0A7872483}"
EndProject
Project("{FAE04EC0-301F-11D3-BF4B-00C04F79EFBC}") = "Unity.Mathematics", "Unity.Mathematics.csproj", "{01356EF4-34E6-51C5-E774-7AD2B12D13E2}"
EndProject
Project("{FAE04EC0-301F-11D3-BF4B-00C04F79EFBC}") = "Unity.2D.Common.Path.Editor", "Unity.2D.Common.Path.Editor.csproj", "{BFE8CB51-A2E1-9650-5770-97222CB06A8D}"
EndProject
Project("{FAE04EC0-301F-11D3-BF4B-00C04F79EFBC}") = "Unity.2D.Animation.Editor", "Unity.2D.Animation.Editor.csproj", "{6907804D-BC1E-BCC2-78B7-E872F3D4EBDB}"
EndProject
Project("{FAE04EC0-301F-11D3-BF4B-00C04F79EFBC}") = "Unity.2D.IK.Runtime", "Unity.2D.IK.Runtime.csproj", "{3E848165-A4AA-954B-ADC8-DF26DC3552E8}"
EndProject
Project("{FAE04EC0-301F-11D3-BF4B-00C04F79EFBC}") = "UnityEditor.TestRunner", "UnityEditor.TestRunner.csproj", "{511B5DC1-7B4E-5A82-0EFE-9935079BD887}"
EndProject
Project("{FAE04EC0-301F-11D3-BF4B-00C04F79EFBC}") = "UnityEngine.TestRunner", "UnityEngine.TestRunner.csproj", "{646E8479-0087-FFF5-B08E-D129A33B7D7E}"
EndProject
Project("{FAE04EC0-301F-11D3-BF4B-00C04F79EFBC}") = "PsdPlugin", "PsdPlugin.csproj", "{7D0513FF-6D65-D8E3-F6AA-293112957DAD}"
EndProject
Project("{FAE04EC0-301F-11D3-BF4B-00C04F79EFBC}") = "Unity.Searcher.Editor", "Unity.Searcher.Editor.csproj", "{2AB9B713-9CAB-1C5F-87F1-E9C301692E5D}"
EndProject
Project("{FAE04EC0-301F-11D3-BF4B-00C04F79EFBC}") = "Unity.Burst", "Unity.Burst.csproj", "{61891DE2-A485-2BA5-5488-FCE68905F895}"
EndProject
Project("{FAE04EC0-301F-11D3-BF4B-00C04F79EFBC}") = "Unity.AI.Navigation.Editor", "Unity.AI.Navigation.Editor.csproj", "{0206BA29-598C-CE7E-812F-936E95575CEC}"
EndProject
Project("{FAE04EC0-301F-11D3-BF4B-00C04F79EFBC}") = "Unity.2D.SpriteShape.Editor", "Unity.2D.SpriteShape.Editor.csproj", "{F1D0B5B6-D4D1-7142-C3E0-FA1083C84FAE}"
EndProject
Project("{FAE04EC0-301F-11D3-BF4B-00C04F79EFBC}") = "Unity.Collections", "Unity.Collections.csproj", "{A2A114FD-9EF7-4A3F-D2A8-1CB7261AF58D}"
EndProject
Project("{FAE04EC0-301F-11D3-BF4B-00C04F79EFBC}") = "Unity.VisualStudio.Editor", "Unity.VisualStudio.Editor.csproj", "{97741076-4125-3245-1DD6-0874C524A255}"
EndProject
Project("{FAE04EC0-301F-11D3-BF4B-00C04F79EFBC}") = "Unity.Rider.Editor", "Unity.Rider.Editor.csproj", "{79F59287-F79C-A22E-8950-305E74D970E8}"
EndProject
Project("{FAE04EC0-301F-11D3-BF4B-00C04F79EFBC}") = "Unity.InternalAPIEditorBridge.001", "Unity.InternalAPIEditorBridge.001.csproj", "{021B8994-4115-E009-466E-75536E8334C2}"
EndProject
Project("{FAE04EC0-301F-11D3-BF4B-00C04F79EFBC}") = "Unity.2D.SpriteShape.Runtime", "Unity.2D.SpriteShape.Runtime.csproj", "{6FA19401-DEA1-DD70-4E79-D5F6D6936A05}"
EndProject
Project("{FAE04EC0-301F-11D3-BF4B-00C04F79EFBC}") = "Unity.AI.Navigation", "Unity.AI.Navigation.csproj", "{24C428CD-B7B9-E249-3F10-C339279B2D69}"
EndProject
Project("{FAE04EC0-301F-11D3-BF4B-00C04F79EFBC}") = "Unity.AI.Navigation.Editor.ConversionSystem", "Unity.AI.Navigation.Editor.ConversionSystem.csproj", "{18D5C914-D005-AB3D-F8FE-163A767D7F93}"
EndProject
Project("{FAE04EC0-301F-11D3-BF4B-00C04F79EFBC}") = "Unity.2D.Animation.Runtime", "Unity.2D.Animation.Runtime.csproj", "{5CEC544C-28BD-B38C-BD4C-960EE16099DE}"
EndProject
Project("{FAE04EC0-301F-11D3-BF4B-00C04F79EFBC}") = "Unity.Burst.CodeGen", "Unity.Burst.CodeGen.csproj", "{FEFDC4E0-0CE8-EC5E-E114-45C4B9C16A08}"
EndProject
Project("{FAE04EC0-301F-11D3-BF4B-00C04F79EFBC}") = "Unity.TextMeshPro", "Unity.TextMeshPro.csproj", "{E0786C8D-B3E9-A1B0-9809-DEA7D28E70A9}"
EndProject
Project("{FAE04EC0-301F-11D3-BF4B-00C04F79EFBC}") = "Unity.Splines", "Unity.Splines.csproj", "{C08BF139-5C6E-FD28-B4D2-9F113C1B5207}"
EndProject
Project("{FAE04EC0-301F-11D3-BF4B-00C04F79EFBC}") = "Unity.VSCode.Editor", "Unity.VSCode.Editor.csproj", "{E4371794-5879-B40C-87FA-C46C0B85F742}"
EndProject
Project("{FAE04EC0-301F-11D3-BF4B-00C04F79EFBC}") = "Unity.2D.IK.Editor", "Unity.2D.IK.Editor.csproj", "{153E5859-FC7F-1E18-7E03-4A8ED528E6F8}"
EndProject
Project("{FAE04EC0-301F-11D3-BF4B-00C04F79EFBC}") = "Unity.InternalAPIEngineBridge.001", "Unity.InternalAPIEngineBridge.001.csproj", "{BB7153BF-4281-6970-F030-AE3EB6C45FE5}"
EndProject
Project("{FAE04EC0-301F-11D3-BF4B-00C04F79EFBC}") = "Unity.Burst.Editor", "Unity.Burst.Editor.csproj", "{50ACDC06-2681-336C-CD88-275E02DBD466}"
EndProject
Project("{FAE04EC0-301F-11D3-BF4B-00C04F79EFBC}") = "Unity.2D.Common.Editor", "Unity.2D.Common.Editor.csproj", "{413520F0-B64A-6A97-BE55-08C9CB587BC6}"
EndProject
Project("{FAE04EC0-301F-11D3-BF4B-00C04F79EFBC}") = "Unity.AI.Navigation.Updater", "Unity.AI.Navigation.Updater.csproj", "{25596B7C-F247-3583-77E8-D7B15B73FB0C}"
EndProject
Project("{FAE04EC0-301F-11D3-BF4B-00C04F79EFBC}") = "Unity.Settings.Editor", "Unity.Settings.Editor.csproj", "{14470500-F1A0-F4EB-88C5-B58579C41FFB}"
EndProject
Project("{FAE04EC0-301F-11D3-BF4B-00C04F79EFBC}") = "Unity.2D.PixelPerfect", "Unity.2D.PixelPerfect.csproj", "{DF29031A-7271-EAC8-1840-7B758151974E}"
EndProject
Project("{FAE04EC0-301F-11D3-BF4B-00C04F79EFBC}") = "Unity.2D.PixelPerfect.Editor", "Unity.2D.PixelPerfect.Editor.csproj", "{0F19D267-B372-C19F-9AC2-40C2372A47EE}"
EndProject
Project("{FAE04EC0-301F-11D3-BF4B-00C04F79EFBC}") = "Unity.2D.Common.Runtime", "Unity.2D.Common.Runtime.csproj", "{DD2BBD85-A9CF-6A9A-F892-4F0C28F53F3C}"
EndProject
Project("{FAE04EC0-301F-11D3-BF4B-00C04F79EFBC}") = "Assembly-CSharp", "Assembly-CSharp.csproj", "{A0911A91-2D9B-486D-7005-9217D395A704}"
EndProject
Project("{FAE04EC0-301F-11D3-BF4B-00C04F79EFBC}") = "Unity.Mathematics.Editor", "Unity.Mathematics.Editor.csproj", "{2B3CF4D0-F538-7E7E-65BA-D6CB6FE6579C}"
EndProject
Project("{FAE04EC0-301F-11D3-BF4B-00C04F79EFBC}") = "Unity.Collections.BurstCompatibilityGen", "Unity.Collections.BurstCompatibilityGen.csproj", "{0E0BCE27-1581-2BFC-1C95-0A2A8A28F27F}"
EndProject
Project("{FAE04EC0-301F-11D3-BF4B-00C04F79EFBC}") = "Unity.Collections.DocCodeSamples", "Unity.Collections.DocCodeSamples.csproj", "{292626BD-539B-D050-A429-CE327ECD3D24}"
EndProject
Project("{FAE04EC0-301F-11D3-BF4B-00C04F79EFBC}") = "Unity.CollabProxy.Editor", "Unity.CollabProxy.Editor.csproj", "{E0970F0A-FC3F-BF56-A79B-766BB7B88E69}"
EndProject
Global
	GlobalSection(SolutionConfigurationPlatforms) = preSolution
		Debug|Any CPU = Debug|Any CPU
		Release|Any CPU = Release|Any CPU
	EndGlobalSection
	GlobalSection(ProjectConfigurationPlatforms) = postSolution
		{26650807-0793-C346-FA67-5BBF5284E51F}.Debug|Any CPU.ActiveCfg = Debug|Any CPU
		{26650807-0793-C346-FA67-5BBF5284E51F}.Debug|Any CPU.Build.0 = Debug|Any CPU
		{26650807-0793-C346-FA67-5BBF5284E51F}.Release|Any CPU.ActiveCfg = Release|Any CPU
		{26650807-0793-C346-FA67-5BBF5284E51F}.Release|Any CPU.Build.0 = Release|Any CPU
		{E425EE7C-990A-1E90-0C9D-E45CD602FDED}.Debug|Any CPU.ActiveCfg = Debug|Any CPU
		{E425EE7C-990A-1E90-0C9D-E45CD602FDED}.Debug|Any CPU.Build.0 = Debug|Any CPU
		{E425EE7C-990A-1E90-0C9D-E45CD602FDED}.Release|Any CPU.ActiveCfg = Release|Any CPU
		{E425EE7C-990A-1E90-0C9D-E45CD602FDED}.Release|Any CPU.Build.0 = Release|Any CPU
		{D383EE8B-84DB-C442-BCD1-CDB1D3B2182C}.Debug|Any CPU.ActiveCfg = Debug|Any CPU
		{D383EE8B-84DB-C442-BCD1-CDB1D3B2182C}.Debug|Any CPU.Build.0 = Debug|Any CPU
		{D383EE8B-84DB-C442-BCD1-CDB1D3B2182C}.Release|Any CPU.ActiveCfg = Release|Any CPU
		{D383EE8B-84DB-C442-BCD1-CDB1D3B2182C}.Release|Any CPU.Build.0 = Release|Any CPU
		{1E5A3AC5-9BF1-B069-C1CA-377D6E8530EC}.Debug|Any CPU.ActiveCfg = Debug|Any CPU
		{1E5A3AC5-9BF1-B069-C1CA-377D6E8530EC}.Debug|Any CPU.Build.0 = Debug|Any CPU
		{1E5A3AC5-9BF1-B069-C1CA-377D6E8530EC}.Release|Any CPU.ActiveCfg = Release|Any CPU
		{1E5A3AC5-9BF1-B069-C1CA-377D6E8530EC}.Release|Any CPU.Build.0 = Release|Any CPU
		{6F08EB43-BCCD-3B96-BC7B-4A2851CB8F4E}.Debug|Any CPU.ActiveCfg = Debug|Any CPU
		{6F08EB43-BCCD-3B96-BC7B-4A2851CB8F4E}.Debug|Any CPU.Build.0 = Debug|Any CPU
		{6F08EB43-BCCD-3B96-BC7B-4A2851CB8F4E}.Release|Any CPU.ActiveCfg = Release|Any CPU
		{6F08EB43-BCCD-3B96-BC7B-4A2851CB8F4E}.Release|Any CPU.Build.0 = Release|Any CPU
		{C892C94B-EC3F-2572-8639-3CA0A7872483}.Debug|Any CPU.ActiveCfg = Debug|Any CPU
		{C892C94B-EC3F-2572-8639-3CA0A7872483}.Debug|Any CPU.Build.0 = Debug|Any CPU
		{C892C94B-EC3F-2572-8639-3CA0A7872483}.Release|Any CPU.ActiveCfg = Release|Any CPU
		{C892C94B-EC3F-2572-8639-3CA0A7872483}.Release|Any CPU.Build.0 = Release|Any CPU
		{01356EF4-34E6-51C5-E774-7AD2B12D13E2}.Debug|Any CPU.ActiveCfg = Debug|Any CPU
		{01356EF4-34E6-51C5-E774-7AD2B12D13E2}.Debug|Any CPU.Build.0 = Debug|Any CPU
		{01356EF4-34E6-51C5-E774-7AD2B12D13E2}.Release|Any CPU.ActiveCfg = Release|Any CPU
		{01356EF4-34E6-51C5-E774-7AD2B12D13E2}.Release|Any CPU.Build.0 = Release|Any CPU
		{BFE8CB51-A2E1-9650-5770-97222CB06A8D}.Debug|Any CPU.ActiveCfg = Debug|Any CPU
		{BFE8CB51-A2E1-9650-5770-97222CB06A8D}.Debug|Any CPU.Build.0 = Debug|Any CPU
		{BFE8CB51-A2E1-9650-5770-97222CB06A8D}.Release|Any CPU.ActiveCfg = Release|Any CPU
		{BFE8CB51-A2E1-9650-5770-97222CB06A8D}.Release|Any CPU.Build.0 = Release|Any CPU
		{6907804D-BC1E-BCC2-78B7-E872F3D4EBDB}.Debug|Any CPU.ActiveCfg = Debug|Any CPU
		{6907804D-BC1E-BCC2-78B7-E872F3D4EBDB}.Debug|Any CPU.Build.0 = Debug|Any CPU
		{6907804D-BC1E-BCC2-78B7-E872F3D4EBDB}.Release|Any CPU.ActiveCfg = Release|Any CPU
		{6907804D-BC1E-BCC2-78B7-E872F3D4EBDB}.Release|Any CPU.Build.0 = Release|Any CPU
		{3E848165-A4AA-954B-ADC8-DF26DC3552E8}.Debug|Any CPU.ActiveCfg = Debug|Any CPU
		{3E848165-A4AA-954B-ADC8-DF26DC3552E8}.Debug|Any CPU.Build.0 = Debug|Any CPU
		{3E848165-A4AA-954B-ADC8-DF26DC3552E8}.Release|Any CPU.ActiveCfg = Release|Any CPU
		{3E848165-A4AA-954B-ADC8-DF26DC3552E8}.Release|Any CPU.Build.0 = Release|Any CPU
		{511B5DC1-7B4E-5A82-0EFE-9935079BD887}.Debug|Any CPU.ActiveCfg = Debug|Any CPU
		{511B5DC1-7B4E-5A82-0EFE-9935079BD887}.Debug|Any CPU.Build.0 = Debug|Any CPU
		{511B5DC1-7B4E-5A82-0EFE-9935079BD887}.Release|Any CPU.ActiveCfg = Release|Any CPU
		{511B5DC1-7B4E-5A82-0EFE-9935079BD887}.Release|Any CPU.Build.0 = Release|Any CPU
		{646E8479-0087-FFF5-B08E-D129A33B7D7E}.Debug|Any CPU.ActiveCfg = Debug|Any CPU
		{646E8479-0087-FFF5-B08E-D129A33B7D7E}.Debug|Any CPU.Build.0 = Debug|Any CPU
		{646E8479-0087-FFF5-B08E-D129A33B7D7E}.Release|Any CPU.ActiveCfg = Release|Any CPU
		{646E8479-0087-FFF5-B08E-D129A33B7D7E}.Release|Any CPU.Build.0 = Release|Any CPU
		{7D0513FF-6D65-D8E3-F6AA-293112957DAD}.Debug|Any CPU.ActiveCfg = Debug|Any CPU
		{7D0513FF-6D65-D8E3-F6AA-293112957DAD}.Debug|Any CPU.Build.0 = Debug|Any CPU
		{7D0513FF-6D65-D8E3-F6AA-293112957DAD}.Release|Any CPU.ActiveCfg = Release|Any CPU
		{7D0513FF-6D65-D8E3-F6AA-293112957DAD}.Release|Any CPU.Build.0 = Release|Any CPU
		{2AB9B713-9CAB-1C5F-87F1-E9C301692E5D}.Debug|Any CPU.ActiveCfg = Debug|Any CPU
		{2AB9B713-9CAB-1C5F-87F1-E9C301692E5D}.Debug|Any CPU.Build.0 = Debug|Any CPU
		{2AB9B713-9CAB-1C5F-87F1-E9C301692E5D}.Release|Any CPU.ActiveCfg = Release|Any CPU
		{2AB9B713-9CAB-1C5F-87F1-E9C301692E5D}.Release|Any CPU.Build.0 = Release|Any CPU
		{61891DE2-A485-2BA5-5488-FCE68905F895}.Debug|Any CPU.ActiveCfg = Debug|Any CPU
		{61891DE2-A485-2BA5-5488-FCE68905F895}.Debug|Any CPU.Build.0 = Debug|Any CPU
		{61891DE2-A485-2BA5-5488-FCE68905F895}.Release|Any CPU.ActiveCfg = Release|Any CPU
		{61891DE2-A485-2BA5-5488-FCE68905F895}.Release|Any CPU.Build.0 = Release|Any CPU
		{0206BA29-598C-CE7E-812F-936E95575CEC}.Debug|Any CPU.ActiveCfg = Debug|Any CPU
		{0206BA29-598C-CE7E-812F-936E95575CEC}.Debug|Any CPU.Build.0 = Debug|Any CPU
		{0206BA29-598C-CE7E-812F-936E95575CEC}.Release|Any CPU.ActiveCfg = Release|Any CPU
		{0206BA29-598C-CE7E-812F-936E95575CEC}.Release|Any CPU.Build.0 = Release|Any CPU
		{F1D0B5B6-D4D1-7142-C3E0-FA1083C84FAE}.Debug|Any CPU.ActiveCfg = Debug|Any CPU
		{F1D0B5B6-D4D1-7142-C3E0-FA1083C84FAE}.Debug|Any CPU.Build.0 = Debug|Any CPU
		{F1D0B5B6-D4D1-7142-C3E0-FA1083C84FAE}.Release|Any CPU.ActiveCfg = Release|Any CPU
		{F1D0B5B6-D4D1-7142-C3E0-FA1083C84FAE}.Release|Any CPU.Build.0 = Release|Any CPU
		{A2A114FD-9EF7-4A3F-D2A8-1CB7261AF58D}.Debug|Any CPU.ActiveCfg = Debug|Any CPU
		{A2A114FD-9EF7-4A3F-D2A8-1CB7261AF58D}.Debug|Any CPU.Build.0 = Debug|Any CPU
		{A2A114FD-9EF7-4A3F-D2A8-1CB7261AF58D}.Release|Any CPU.ActiveCfg = Release|Any CPU
		{A2A114FD-9EF7-4A3F-D2A8-1CB7261AF58D}.Release|Any CPU.Build.0 = Release|Any CPU
		{97741076-4125-3245-1DD6-0874C524A255}.Debug|Any CPU.ActiveCfg = Debug|Any CPU
		{97741076-4125-3245-1DD6-0874C524A255}.Debug|Any CPU.Build.0 = Debug|Any CPU
		{97741076-4125-3245-1DD6-0874C524A255}.Release|Any CPU.ActiveCfg = Release|Any CPU
		{97741076-4125-3245-1DD6-0874C524A255}.Release|Any CPU.Build.0 = Release|Any CPU
		{79F59287-F79C-A22E-8950-305E74D970E8}.Debug|Any CPU.ActiveCfg = Debug|Any CPU
		{79F59287-F79C-A22E-8950-305E74D970E8}.Debug|Any CPU.Build.0 = Debug|Any CPU
		{79F59287-F79C-A22E-8950-305E74D970E8}.Release|Any CPU.ActiveCfg = Release|Any CPU
		{79F59287-F79C-A22E-8950-305E74D970E8}.Release|Any CPU.Build.0 = Release|Any CPU
		{021B8994-4115-E009-466E-75536E8334C2}.Debug|Any CPU.ActiveCfg = Debug|Any CPU
		{021B8994-4115-E009-466E-75536E8334C2}.Debug|Any CPU.Build.0 = Debug|Any CPU
		{021B8994-4115-E009-466E-75536E8334C2}.Release|Any CPU.ActiveCfg = Release|Any CPU
		{021B8994-4115-E009-466E-75536E8334C2}.Release|Any CPU.Build.0 = Release|Any CPU
		{6FA19401-DEA1-DD70-4E79-D5F6D6936A05}.Debug|Any CPU.ActiveCfg = Debug|Any CPU
		{6FA19401-DEA1-DD70-4E79-D5F6D6936A05}.Debug|Any CPU.Build.0 = Debug|Any CPU
		{6FA19401-DEA1-DD70-4E79-D5F6D6936A05}.Release|Any CPU.ActiveCfg = Release|Any CPU
		{6FA19401-DEA1-DD70-4E79-D5F6D6936A05}.Release|Any CPU.Build.0 = Release|Any CPU
		{24C428CD-B7B9-E249-3F10-C339279B2D69}.Debug|Any CPU.ActiveCfg = Debug|Any CPU
		{24C428CD-B7B9-E249-3F10-C339279B2D69}.Debug|Any CPU.Build.0 = Debug|Any CPU
		{24C428CD-B7B9-E249-3F10-C339279B2D69}.Release|Any CPU.ActiveCfg = Release|Any CPU
		{24C428CD-B7B9-E249-3F10-C339279B2D69}.Release|Any CPU.Build.0 = Release|Any CPU
		{18D5C914-D005-AB3D-F8FE-163A767D7F93}.Debug|Any CPU.ActiveCfg = Debug|Any CPU
		{18D5C914-D005-AB3D-F8FE-163A767D7F93}.Debug|Any CPU.Build.0 = Debug|Any CPU
		{18D5C914-D005-AB3D-F8FE-163A767D7F93}.Release|Any CPU.ActiveCfg = Release|Any CPU
		{18D5C914-D005-AB3D-F8FE-163A767D7F93}.Release|Any CPU.Build.0 = Release|Any CPU
		{5CEC544C-28BD-B38C-BD4C-960EE16099DE}.Debug|Any CPU.ActiveCfg = Debug|Any CPU
		{5CEC544C-28BD-B38C-BD4C-960EE16099DE}.Debug|Any CPU.Build.0 = Debug|Any CPU
		{5CEC544C-28BD-B38C-BD4C-960EE16099DE}.Release|Any CPU.ActiveCfg = Release|Any CPU
		{5CEC544C-28BD-B38C-BD4C-960EE16099DE}.Release|Any CPU.Build.0 = Release|Any CPU
		{FEFDC4E0-0CE8-EC5E-E114-45C4B9C16A08}.Debug|Any CPU.ActiveCfg = Debug|Any CPU
		{FEFDC4E0-0CE8-EC5E-E114-45C4B9C16A08}.Debug|Any CPU.Build.0 = Debug|Any CPU
		{FEFDC4E0-0CE8-EC5E-E114-45C4B9C16A08}.Release|Any CPU.ActiveCfg = Release|Any CPU
		{FEFDC4E0-0CE8-EC5E-E114-45C4B9C16A08}.Release|Any CPU.Build.0 = Release|Any CPU
		{E0786C8D-B3E9-A1B0-9809-DEA7D28E70A9}.Debug|Any CPU.ActiveCfg = Debug|Any CPU
		{E0786C8D-B3E9-A1B0-9809-DEA7D28E70A9}.Debug|Any CPU.Build.0 = Debug|Any CPU
		{E0786C8D-B3E9-A1B0-9809-DEA7D28E70A9}.Release|Any CPU.ActiveCfg = Release|Any CPU
		{E0786C8D-B3E9-A1B0-9809-DEA7D28E70A9}.Release|Any CPU.Build.0 = Release|Any CPU
		{C08BF139-5C6E-FD28-B4D2-9F113C1B5207}.Debug|Any CPU.ActiveCfg = Debug|Any CPU
		{C08BF139-5C6E-FD28-B4D2-9F113C1B5207}.Debug|Any CPU.Build.0 = Debug|Any CPU
		{C08BF139-5C6E-FD28-B4D2-9F113C1B5207}.Release|Any CPU.ActiveCfg = Release|Any CPU
		{C08BF139-5C6E-FD28-B4D2-9F113C1B5207}.Release|Any CPU.Build.0 = Release|Any CPU
		{E4371794-5879-B40C-87FA-C46C0B85F742}.Debug|Any CPU.ActiveCfg = Debug|Any CPU
		{E4371794-5879-B40C-87FA-C46C0B85F742}.Debug|Any CPU.Build.0 = Debug|Any CPU
		{E4371794-5879-B40C-87FA-C46C0B85F742}.Release|Any CPU.ActiveCfg = Release|Any CPU
		{E4371794-5879-B40C-87FA-C46C0B85F742}.Release|Any CPU.Build.0 = Release|Any CPU
		{153E5859-FC7F-1E18-7E03-4A8ED528E6F8}.Debug|Any CPU.ActiveCfg = Debug|Any CPU
		{153E5859-FC7F-1E18-7E03-4A8ED528E6F8}.Debug|Any CPU.Build.0 = Debug|Any CPU
		{153E5859-FC7F-1E18-7E03-4A8ED528E6F8}.Release|Any CPU.ActiveCfg = Release|Any CPU
		{153E5859-FC7F-1E18-7E03-4A8ED528E6F8}.Release|Any CPU.Build.0 = Release|Any CPU
		{BB7153BF-4281-6970-F030-AE3EB6C45FE5}.Debug|Any CPU.ActiveCfg = Debug|Any CPU
		{BB7153BF-4281-6970-F030-AE3EB6C45FE5}.Debug|Any CPU.Build.0 = Debug|Any CPU
		{BB7153BF-4281-6970-F030-AE3EB6C45FE5}.Release|Any CPU.ActiveCfg = Release|Any CPU
		{BB7153BF-4281-6970-F030-AE3EB6C45FE5}.Release|Any CPU.Build.0 = Release|Any CPU
		{50ACDC06-2681-336C-CD88-275E02DBD466}.Debug|Any CPU.ActiveCfg = Debug|Any CPU
		{50ACDC06-2681-336C-CD88-275E02DBD466}.Debug|Any CPU.Build.0 = Debug|Any CPU
		{50ACDC06-2681-336C-CD88-275E02DBD466}.Release|Any CPU.ActiveCfg = Release|Any CPU
		{50ACDC06-2681-336C-CD88-275E02DBD466}.Release|Any CPU.Build.0 = Release|Any CPU
		{413520F0-B64A-6A97-BE55-08C9CB587BC6}.Debug|Any CPU.ActiveCfg = Debug|Any CPU
		{413520F0-B64A-6A97-BE55-08C9CB587BC6}.Debug|Any CPU.Build.0 = Debug|Any CPU
		{413520F0-B64A-6A97-BE55-08C9CB587BC6}.Release|Any CPU.ActiveCfg = Release|Any CPU
		{413520F0-B64A-6A97-BE55-08C9CB587BC6}.Release|Any CPU.Build.0 = Release|Any CPU
		{25596B7C-F247-3583-77E8-D7B15B73FB0C}.Debug|Any CPU.ActiveCfg = Debug|Any CPU
		{25596B7C-F247-3583-77E8-D7B15B73FB0C}.Debug|Any CPU.Build.0 = Debug|Any CPU
		{25596B7C-F247-3583-77E8-D7B15B73FB0C}.Release|Any CPU.ActiveCfg = Release|Any CPU
		{25596B7C-F247-3583-77E8-D7B15B73FB0C}.Release|Any CPU.Build.0 = Release|Any CPU
		{14470500-F1A0-F4EB-88C5-B58579C41FFB}.Debug|Any CPU.ActiveCfg = Debug|Any CPU
		{14470500-F1A0-F4EB-88C5-B58579C41FFB}.Debug|Any CPU.Build.0 = Debug|Any CPU
		{14470500-F1A0-F4EB-88C5-B58579C41FFB}.Release|Any CPU.ActiveCfg = Release|Any CPU
		{14470500-F1A0-F4EB-88C5-B58579C41FFB}.Release|Any CPU.Build.0 = Release|Any CPU
		{DF29031A-7271-EAC8-1840-7B758151974E}.Debug|Any CPU.ActiveCfg = Debug|Any CPU
		{DF29031A-7271-EAC8-1840-7B758151974E}.Debug|Any CPU.Build.0 = Debug|Any CPU
		{DF29031A-7271-EAC8-1840-7B758151974E}.Release|Any CPU.ActiveCfg = Release|Any CPU
		{DF29031A-7271-EAC8-1840-7B758151974E}.Release|Any CPU.Build.0 = Release|Any CPU
		{0F19D267-B372-C19F-9AC2-40C2372A47EE}.Debug|Any CPU.ActiveCfg = Debug|Any CPU
		{0F19D267-B372-C19F-9AC2-40C2372A47EE}.Debug|Any CPU.Build.0 = Debug|Any CPU
		{0F19D267-B372-C19F-9AC2-40C2372A47EE}.Release|Any CPU.ActiveCfg = Release|Any CPU
		{0F19D267-B372-C19F-9AC2-40C2372A47EE}.Release|Any CPU.Build.0 = Release|Any CPU
		{DD2BBD85-A9CF-6A9A-F892-4F0C28F53F3C}.Debug|Any CPU.ActiveCfg = Debug|Any CPU
		{DD2BBD85-A9CF-6A9A-F892-4F0C28F53F3C}.Debug|Any CPU.Build.0 = Debug|Any CPU
		{DD2BBD85-A9CF-6A9A-F892-4F0C28F53F3C}.Release|Any CPU.ActiveCfg = Release|Any CPU
		{DD2BBD85-A9CF-6A9A-F892-4F0C28F53F3C}.Release|Any CPU.Build.0 = Release|Any CPU
		{A0911A91-2D9B-486D-7005-9217D395A704}.Debug|Any CPU.ActiveCfg = Debug|Any CPU
		{A0911A91-2D9B-486D-7005-9217D395A704}.Debug|Any CPU.Build.0 = Debug|Any CPU
		{A0911A91-2D9B-486D-7005-9217D395A704}.Release|Any CPU.ActiveCfg = Release|Any CPU
		{A0911A91-2D9B-486D-7005-9217D395A704}.Release|Any CPU.Build.0 = Release|Any CPU
		{2B3CF4D0-F538-7E7E-65BA-D6CB6FE6579C}.Debug|Any CPU.ActiveCfg = Debug|Any CPU
		{2B3CF4D0-F538-7E7E-65BA-D6CB6FE6579C}.Debug|Any CPU.Build.0 = Debug|Any CPU
		{2B3CF4D0-F538-7E7E-65BA-D6CB6FE6579C}.Release|Any CPU.ActiveCfg = Release|Any CPU
		{2B3CF4D0-F538-7E7E-65BA-D6CB6FE6579C}.Release|Any CPU.Build.0 = Release|Any CPU
		{0E0BCE27-1581-2BFC-1C95-0A2A8A28F27F}.Debug|Any CPU.ActiveCfg = Debug|Any CPU
		{0E0BCE27-1581-2BFC-1C95-0A2A8A28F27F}.Debug|Any CPU.Build.0 = Debug|Any CPU
		{0E0BCE27-1581-2BFC-1C95-0A2A8A28F27F}.Release|Any CPU.ActiveCfg = Release|Any CPU
		{0E0BCE27-1581-2BFC-1C95-0A2A8A28F27F}.Release|Any CPU.Build.0 = Release|Any CPU
		{292626BD-539B-D050-A429-CE327ECD3D24}.Debug|Any CPU.ActiveCfg = Debug|Any CPU
		{292626BD-539B-D050-A429-CE327ECD3D24}.Debug|Any CPU.Build.0 = Debug|Any CPU
		{292626BD-539B-D050-A429-CE327ECD3D24}.Release|Any CPU.ActiveCfg = Release|Any CPU
		{292626BD-539B-D050-A429-CE327ECD3D24}.Release|Any CPU.Build.0 = Release|Any CPU
		{E0970F0A-FC3F-BF56-A79B-766BB7B88E69}.Debug|Any CPU.ActiveCfg = Debug|Any CPU
		{E0970F0A-FC3F-BF56-A79B-766BB7B88E69}.Debug|Any CPU.Build.0 = Debug|Any CPU
		{E0970F0A-FC3F-BF56-A79B-766BB7B88E69}.Release|Any CPU.ActiveCfg = Release|Any CPU
		{E0970F0A-FC3F-BF56-A79B-766BB7B88E69}.Release|Any CPU.Build.0 = Release|Any CPU
	EndGlobalSection
	GlobalSection(SolutionProperties) = preSolution
		HideSolutionNode = FALSE
	EndGlobalSection
EndGlobal
